# This file is automatically @generated by Cargo.
# It is not intended for manual editing.
[[package]]
name = "aho-corasick"
version = "0.7.18"
source = "registry+https://github.com/rust-lang/crates.io-index"
checksum = "1e37cfd5e7657ada45f742d6e99ca5788580b5c529dc78faf11ece6dc702656f"
dependencies = [
 "memchr",
]

[[package]]
name = "darling"
version = "0.8.6"
source = "registry+https://github.com/rust-lang/crates.io-index"
checksum = "9158d690bc62a3a57c3e45b85e4d50de2008b39345592c64efd79345c7e24be0"
dependencies = [
 "darling_core",
 "darling_macro",
]

[[package]]
name = "darling_core"
version = "0.8.6"
source = "registry+https://github.com/rust-lang/crates.io-index"
checksum = "d2a368589465391e127e10c9e3a08efc8df66fd49b87dc8524c764bbe7f2ef82"
dependencies = [
 "fnv",
 "ident_case",
 "proc-macro2",
 "quote",
 "syn",
]

[[package]]
name = "darling_macro"
version = "0.8.6"
source = "registry+https://github.com/rust-lang/crates.io-index"
checksum = "244e8987bd4e174385240cde20a3657f607fb0797563c28255c353b5819a07b1"
dependencies = [
 "darling_core",
 "quote",
 "syn",
]

[[package]]
name = "either"
version = "1.6.1"
source = "registry+https://github.com/rust-lang/crates.io-index"
checksum = "e78d4f1cc4ae33bbfc157ed5d5a5ef3bc29227303d595861deb238fcec4e9457"

[[package]]
name = "fnv"
version = "1.0.7"
source = "registry+https://github.com/rust-lang/crates.io-index"
checksum = "3f9eec918d3f24069decb9af1554cad7c880e2da24a9afd88aca000531ab82c1"

[[package]]
name = "ident_case"
version = "1.0.1"
source = "registry+https://github.com/rust-lang/crates.io-index"
checksum = "b9e0384b61958566e926dc50660321d12159025e767c18e043daf26b70104c39"

[[package]]
name = "itertools"
version = "0.8.2"
source = "registry+https://github.com/rust-lang/crates.io-index"
checksum = "f56a2d0bc861f9165be4eb3442afd3c236d8a98afd426f65d92324ae1091a484"
dependencies = [
 "either",
]

[[package]]
name = "lazy_static"
version = "1.4.0"
source = "registry+https://github.com/rust-lang/crates.io-index"
checksum = "e2abad23fbc42b3700f2f279844dc832adb2b2eb069b2df918f455c4e18cc646"

[[package]]
name = "memchr"
version = "2.4.1"
source = "registry+https://github.com/rust-lang/crates.io-index"
checksum = "308cc39be01b73d0d18f82a0e7b2a3df85245f84af96fdddc5d202d27e47b86a"

[[package]]
name = "proc-macro2"
version = "0.4.30"
source = "registry+https://github.com/rust-lang/crates.io-index"
checksum = "cf3d2011ab5c909338f7887f4fc896d35932e29146c12c8d01da6b22a80ba759"
dependencies = [
 "unicode-xid",
]

[[package]]
name = "pyenv_resolve"
version = "0.1.0"
dependencies = [
 "semver",
 "shellfn",
]

[[package]]
name = "quote"
version = "0.6.13"
source = "registry+https://github.com/rust-lang/crates.io-index"
checksum = "6ce23b6b870e8f94f81fb0a363d65d86675884b34a09043c81e5562f11c1f8e1"
dependencies = [
 "proc-macro2",
]

[[package]]
name = "regex"
version = "1.5.5"
source = "registry+https://github.com/rust-lang/crates.io-index"
checksum = "1a11647b6b25ff05a515cb92c365cec08801e83423a235b51e231e1808747286"
dependencies = [
 "aho-corasick",
 "memchr",
 "regex-syntax",
]

[[package]]
name = "regex-syntax"
version = "0.6.25"
source = "registry+https://github.com/rust-lang/crates.io-index"
checksum = "f497285884f3fcff424ffc933e56d7cbca511def0c9831a7f9b5f6153e3cc89b"

[[package]]
name = "semver"
version = "1.0.6"
source = "registry+https://github.com/rust-lang/crates.io-index"
checksum = "a4a3381e03edd24287172047536f20cabde766e2cd3e65e6b00fb3af51c4f38d"

[[package]]
name = "shellfn"
version = "0.1.1"
source = "registry+https://github.com/rust-lang/crates.io-index"
checksum = "c9ed49518d8b66c48831926083b0f4d757dc3889c037c9d4ab6885f434155b14"
dependencies = [
 "shellfn-attribute",
 "shellfn-core",
]

[[package]]
name = "shellfn-attribute"
version = "0.1.1"
source = "registry+https://github.com/rust-lang/crates.io-index"
checksum = "e2c4da2f9a0dacd9dd37e72dc9b5a8f95d3d08ba3fefd643bce39f5af5c9bc6c"
dependencies = [
 "darling",
 "proc-macro2",
 "quote",
 "shellfn-core",
 "shellwords",
 "syn",
]

[[package]]
name = "shellfn-core"
version = "0.1.1"
source = "registry+https://github.com/rust-lang/crates.io-index"
checksum = "659d4c067e4106dc9618c82cecdadfd10ae20d59f348c1c7c26a1569402cbfd7"
dependencies = [
 "itertools",
]

[[package]]
name = "shellwords"
version = "1.1.0"
source = "registry+https://github.com/rust-lang/crates.io-index"
checksum = "89e515aa4699a88148ed5ef96413ceef0048ce95b43fbc955a33bde0a70fcae6"
dependencies = [
 "lazy_static",
 "regex",
]

[[package]]
name = "syn"
version = "0.15.44"
source = "registry+https://github.com/rust-lang/crates.io-index"
checksum = "9ca4b3b69a77cbe1ffc9e198781b7acb0c7365a883670e8f1c1bc66fba79a5c5"
dependencies = [
 "proc-macro2",
 "quote",
 "unicode-xid",
]

[[package]]
name = "unicode-xid"
version = "0.1.0"
source = "registry+https://github.com/rust-lang/crates.io-index"
checksum = "fc72304796d0818e357ead4e000d19c9c174ab23dc11093ac919054d20a6a7fc"
